{
  "name": "node_module",
  "version": "1.0.0",
  "lockfileVersion": 2,
  "requires": true,
  "packages": {
    "": {
      "name": "node_module",
      "version": "1.0.0",
      "license": "ISC",
      "dependencies": {
        "my-calculation-module": "^0.0.1"
      }
    },
    "node_modules/my-calculation-module": {
      "version": "0.0.1",
      "resolved": "https://registry.npmjs.org/my-calculation-module/-/my-calculation-module-0.0.1.tgz",
      "integrity": "sha512-S880iAk1JxvDHCOTANJkJjFCFoAusMAM2trHCppjKRaIjL+ZxpYCpuj8hgOkZRfgLnl+WDd5xGAhkjrvY3UiwQ=="
    }
  },
  "dependencies": {
    "my-calculation-module": {
      "version": "0.0.1",
      "resolved": "https://registry.npmjs.org/my-calculation-module/-/my-calculation-module-0.0.1.tgz",
      "integrity": "sha512-S880iAk1JxvDHCOTANJkJjFCFoAusMAM2trHCppjKRaIjL+ZxpYCpuj8hgOkZRfgLnl+WDd5xGAhkjrvY3UiwQ=="
    }
  }
}
